
Microsoft Visual Studio Solution File, Format Version 12.00
# Visual Studio Version 17
VisualStudioVersion = 17.7.34031.279
MinimumVisualStudioVersion = 10.0.40219.1
Project("{FAE04EC0-301F-11D3-BF4B-00C04F79EFBC}") = "QuanLyCuaHangT1S", "QuanLyCuaHangT1S.csproj", "{5359FF6F-710C-4553-837B-A6D4F9722D1F}"
EndProject
Global
	GlobalSection(SolutionConfigurationPlatforms) = preSolution
		Debug|Any CPU = Debug|Any CPU
		Release|Any CPU = Release|Any CPU
	EndGlobalSection
	GlobalSection(ProjectConfigurationPlatforms) = postSolution
		{5359FF6F-710C-4553-837B-A6D4F9722D1F}.Debug|Any CPU.ActiveCfg = Debug|Any CPU
		{5359FF6F-710C-4553-837B-A6D4F9722D1F}.Debug|Any CPU.Build.0 = Debug|Any CPU
		{5359FF6F-710C-4553-837B-A6D4F9722D1F}.Release|Any CPU.ActiveCfg = Release|Any CPU
		{5359FF6F-710C-4553-837B-A6D4F9722D1F}.Release|Any CPU.Build.0 = Release|Any CPU
	EndGlobalSection
	GlobalSection(SolutionProperties) = preSolution
		HideSolutionNode = FALSE
	EndGlobalSection
	GlobalSection(ExtensibilityGlobals) = postSolution
		SolutionGuid = {7857B72F-641A-40A3-972C-B6F12BA9E09E}
	EndGlobalSection
EndGlobal
